{
  "object": {
    "pins": [
      {
        "package": "CSDL2",
        "repositoryURL": "https://github.com/UnGast/CSDL2.git",
        "state": {
          "branch": "master",
          "revision": "4721763511cd8b8aee0612790df579cf5b163148",
          "version": null
        }
      },
      {
        "package": "Path.swift",
        "repositoryURL": "https://github.com/mxcl/Path.swift.git",
        "state": {
          "branch": null,
          "revision": "142d4bc1118602f3679c777d2e0da89c227cd918",
          "version": "1.2.0"
        }
      },
      {
        "package": "Regex",
        "repositoryURL": "https://github.com/sharplet/Regex.git",
        "state": {
          "branch": null,
          "revision": "76c2b73d4281d77fc3118391877efd1bf972f515",
          "version": "2.1.1"
        }
      },
      {
        "package": "SwiftyXMLParser",
        "repositoryURL": "https://github.com/yahoojapan/SwiftyXMLParser.git",
        "state": {
          "branch": "master",
          "revision": "ec7f183642adf429babd867d1a38c5c6912408ba",
          "version": null
        }
      }
    ]
  },
  "version": 1
}
